
Microsoft Visual Studio Solution File, Format Version 12.00
# Visual Studio Version 16
VisualStudioVersion = 16.0.30611.23
MinimumVisualStudioVersion = 10.0.40219.1
Project("{FAE04EC0-301F-11D3-BF4B-00C04F79EFBC}") = "Classes", "Classes\Classes.csproj", "{F782AC78-7362-4379-B947-AC6EB439B21E}"
EndProject
Global
	GlobalSection(SolutionConfigurationPlatforms) = preSolution
		Debug|Any CPU = Debug|Any CPU
		Release|Any CPU = Release|Any CPU
	EndGlobalSection
	GlobalSection(ProjectConfigurationPlatforms) = postSolution
		{F782AC78-7362-4379-B947-AC6EB439B21E}.Debug|Any CPU.ActiveCfg = Debug|Any CPU
		{F782AC78-7362-4379-B947-AC6EB439B21E}.Debug|Any CPU.Build.0 = Debug|Any CPU
		{F782AC78-7362-4379-B947-AC6EB439B21E}.Release|Any CPU.ActiveCfg = Release|Any CPU
		{F782AC78-7362-4379-B947-AC6EB439B21E}.Release|Any CPU.Build.0 = Release|Any CPU
	EndGlobalSection
	GlobalSection(SolutionProperties) = preSolution
		HideSolutionNode = FALSE
	EndGlobalSection
	GlobalSection(ExtensibilityGlobals) = postSolution
		SolutionGuid = {8F2C2638-AA6B-4F7F-B212-D6419A84847F}
	EndGlobalSection
EndGlobal
